
Microsoft Visual Studio Solution File, Format Version 12.00
# Visual Studio Version 17
VisualStudioVersion = 17.14.36109.1 d17.14
MinimumVisualStudioVersion = 10.0.40219.1
Project("{FAE04EC0-301F-11D3-BF4B-00C04F79EFBC}") = "OrderApi.Domain", "OrderApi.Domain\OrderApi.Domain.csproj", "{E1BE804D-8EA3-45AC-BE37-684C3F6102D4}"
EndProject
Project("{FAE04EC0-301F-11D3-BF4B-00C04F79EFBC}") = "OrderApi.Infrastructure", "OrderApi.Infrastructure\OrderApi.Infrastructure.csproj", "{EF9514A4-6816-4C1C-A793-AF7688DC59F1}"
EndProject
Project("{FAE04EC0-301F-11D3-BF4B-00C04F79EFBC}") = "OrderApi.Application", "OrderApi.Application\OrderApi.Application.csproj", "{626A3839-71B5-4C09-A343-4DB9714F835B}"
EndProject
Project("{FAE04EC0-301F-11D3-BF4B-00C04F79EFBC}") = "OrderApi.Presentation", "OrderApi.Presentation\OrderApi.Presentation.csproj", "{3861B8F6-4044-4F92-90F6-9AD90256FE36}"
EndProject
Project("{FAE04EC0-301F-11D3-BF4B-00C04F79EFBC}") = "Resource.Share.Lib", "..\SharedResourceSolution\Resource.Share.Lib\Resource.Share.Lib.csproj", "{F1C918E6-5CC5-D6E0-86F4-C57FB9480F76}"
EndProject
Global
	GlobalSection(SolutionConfigurationPlatforms) = preSolution
		Debug|Any CPU = Debug|Any CPU
		Release|Any CPU = Release|Any CPU
	EndGlobalSection
	GlobalSection(ProjectConfigurationPlatforms) = postSolution
		{E1BE804D-8EA3-45AC-BE37-684C3F6102D4}.Debug|Any CPU.ActiveCfg = Debug|Any CPU
		{E1BE804D-8EA3-45AC-BE37-684C3F6102D4}.Debug|Any CPU.Build.0 = Debug|Any CPU
		{E1BE804D-8EA3-45AC-BE37-684C3F6102D4}.Release|Any CPU.ActiveCfg = Release|Any CPU
		{E1BE804D-8EA3-45AC-BE37-684C3F6102D4}.Release|Any CPU.Build.0 = Release|Any CPU
		{EF9514A4-6816-4C1C-A793-AF7688DC59F1}.Debug|Any CPU.ActiveCfg = Debug|Any CPU
		{EF9514A4-6816-4C1C-A793-AF7688DC59F1}.Debug|Any CPU.Build.0 = Debug|Any CPU
		{EF9514A4-6816-4C1C-A793-AF7688DC59F1}.Release|Any CPU.ActiveCfg = Release|Any CPU
		{EF9514A4-6816-4C1C-A793-AF7688DC59F1}.Release|Any CPU.Build.0 = Release|Any CPU
		{626A3839-71B5-4C09-A343-4DB9714F835B}.Debug|Any CPU.ActiveCfg = Debug|Any CPU
		{626A3839-71B5-4C09-A343-4DB9714F835B}.Debug|Any CPU.Build.0 = Debug|Any CPU
		{626A3839-71B5-4C09-A343-4DB9714F835B}.Release|Any CPU.ActiveCfg = Release|Any CPU
		{626A3839-71B5-4C09-A343-4DB9714F835B}.Release|Any CPU.Build.0 = Release|Any CPU
		{3861B8F6-4044-4F92-90F6-9AD90256FE36}.Debug|Any CPU.ActiveCfg = Debug|Any CPU
		{3861B8F6-4044-4F92-90F6-9AD90256FE36}.Debug|Any CPU.Build.0 = Debug|Any CPU
		{3861B8F6-4044-4F92-90F6-9AD90256FE36}.Release|Any CPU.ActiveCfg = Release|Any CPU
		{3861B8F6-4044-4F92-90F6-9AD90256FE36}.Release|Any CPU.Build.0 = Release|Any CPU
		{F1C918E6-5CC5-D6E0-86F4-C57FB9480F76}.Debug|Any CPU.ActiveCfg = Debug|Any CPU
		{F1C918E6-5CC5-D6E0-86F4-C57FB9480F76}.Debug|Any CPU.Build.0 = Debug|Any CPU
		{F1C918E6-5CC5-D6E0-86F4-C57FB9480F76}.Release|Any CPU.ActiveCfg = Release|Any CPU
		{F1C918E6-5CC5-D6E0-86F4-C57FB9480F76}.Release|Any CPU.Build.0 = Release|Any CPU
	EndGlobalSection
	GlobalSection(SolutionProperties) = preSolution
		HideSolutionNode = FALSE
	EndGlobalSection
	GlobalSection(ExtensibilityGlobals) = postSolution
		SolutionGuid = {2C96ABF3-8DCB-4D41-9F1B-DF00F5A3DA9C}
	EndGlobalSection
EndGlobal
